
Microsoft Visual Studio Solution File, Format Version 12.00
# Visual Studio 15
VisualStudioVersion = 15.0.27703.2018
MinimumVisualStudioVersion = 10.0.40219.1
Project("{FAE04EC0-301F-11D3-BF4B-00C04F79EFBC}") = "bookApp.Android", "bookApp\bookApp.Android\bookApp.Android.csproj", "{4CC1726F-D118-4A55-BA2E-1003D996FD84}"
EndProject
Project("{FAE04EC0-301F-11D3-BF4B-00C04F79EFBC}") = "bookApp.iOS", "bookApp\bookApp.iOS\bookApp.iOS.csproj", "{B4396B41-AD79-4975-BEA7-CF0E243CC65A}"
EndProject
Project("{FAE04EC0-301F-11D3-BF4B-00C04F79EFBC}") = "bookApp", "bookApp\bookApp\bookApp.csproj", "{C41FDC15-E4A5-4ECF-B9C1-5B9D15EA587D}"
EndProject
Global
	GlobalSection(SolutionConfigurationPlatforms) = preSolution
		Ad-Hoc|Any CPU = Ad-Hoc|Any CPU
		Ad-Hoc|iPhone = Ad-Hoc|iPhone
		Ad-Hoc|iPhoneSimulator = Ad-Hoc|iPhoneSimulator
		AppStore|Any CPU = AppStore|Any CPU
		AppStore|iPhone = AppStore|iPhone
		AppStore|iPhoneSimulator = AppStore|iPhoneSimulator
		Debug|Any CPU = Debug|Any CPU
		Debug|iPhone = Debug|iPhone
		Debug|iPhoneSimulator = Debug|iPhoneSimulator
		Release|Any CPU = Release|Any CPU
		Release|iPhone = Release|iPhone
		Release|iPhoneSimulator = Release|iPhoneSimulator
	EndGlobalSection
	GlobalSection(ProjectConfigurationPlatforms) = postSolution
		{4CC1726F-D118-4A55-BA2E-1003D996FD84}.Ad-Hoc|Any CPU.ActiveCfg = Release|Any CPU
		{4CC1726F-D118-4A55-BA2E-1003D996FD84}.Ad-Hoc|Any CPU.Build.0 = Release|Any CPU
		{4CC1726F-D118-4A55-BA2E-1003D996FD84}.Ad-Hoc|Any CPU.Deploy.0 = Release|Any CPU
		{4CC1726F-D118-4A55-BA2E-1003D996FD84}.Ad-Hoc|iPhone.ActiveCfg = Release|Any CPU
		{4CC1726F-D118-4A55-BA2E-1003D996FD84}.Ad-Hoc|iPhone.Build.0 = Release|Any CPU
		{4CC1726F-D118-4A55-BA2E-1003D996FD84}.Ad-Hoc|iPhone.Deploy.0 = Release|Any CPU
		{4CC1726F-D118-4A55-BA2E-1003D996FD84}.Ad-Hoc|iPhoneSimulator.ActiveCfg = Release|Any CPU
		{4CC1726F-D118-4A55-BA2E-1003D996FD84}.Ad-Hoc|iPhoneSimulator.Build.0 = Release|Any CPU
		{4CC1726F-D118-4A55-BA2E-1003D996FD84}.Ad-Hoc|iPhoneSimulator.Deploy.0 = Release|Any CPU
		{4CC1726F-D118-4A55-BA2E-1003D996FD84}.AppStore|Any CPU.ActiveCfg = Release|Any CPU
		{4CC1726F-D118-4A55-BA2E-1003D996FD84}.AppStore|Any CPU.Build.0 = Release|Any CPU
		{4CC1726F-D118-4A55-BA2E-1003D996FD84}.AppStore|Any CPU.Deploy.0 = Release|Any CPU
		{4CC1726F-D118-4A55-BA2E-1003D996FD84}.AppStore|iPhone.ActiveCfg = Release|Any CPU
		{4CC1726F-D118-4A55-BA2E-1003D996FD84}.AppStore|iPhone.Build.0 = Release|Any CPU
		{4CC1726F-D118-4A55-BA2E-1003D996FD84}.AppStore|iPhone.Deploy.0 = Release|Any CPU
		{4CC1726F-D118-4A55-BA2E-1003D996FD84}.AppStore|iPhoneSimulator.ActiveCfg = Release|Any CPU
		{4CC1726F-D118-4A55-BA2E-1003D996FD84}.AppStore|iPhoneSimulator.Build.0 = Release|Any CPU
		{4CC1726F-D118-4A55-BA2E-1003D996FD84}.AppStore|iPhoneSimulator.Deploy.0 = Release|Any CPU
		{4CC1726F-D118-4A55-BA2E-1003D996FD84}.Debug|Any CPU.ActiveCfg = Debug|Any CPU
		{4CC1726F-D118-4A55-BA2E-1003D996FD84}.Debug|Any CPU.Build.0 = Debug|Any CPU
		{4CC1726F-D118-4A55-BA2E-1003D996FD84}.Debug|Any CPU.Deploy.0 = Debug|Any CPU
		{4CC1726F-D118-4A55-BA2E-1003D996FD84}.Debug|iPhone.ActiveCfg = Debug|Any CPU
		{4CC1726F-D118-4A55-BA2E-1003D996FD84}.Debug|iPhone.Build.0 = Debug|Any CPU
		{4CC1726F-D118-4A55-BA2E-1003D996FD84}.Debug|iPhone.Deploy.0 = Debug|Any CPU
		{4CC1726F-D118-4A55-BA2E-1003D996FD84}.Debug|iPhoneSimulator.ActiveCfg = Debug|Any CPU
		{4CC1726F-D118-4A55-BA2E-1003D996FD84}.Debug|iPhoneSimulator.Build.0 = Debug|Any CPU
		{4CC1726F-D118-4A55-BA2E-1003D996FD84}.Debug|iPhoneSimulator.Deploy.0 = Debug|Any CPU
		{4CC1726F-D118-4A55-BA2E-1003D996FD84}.Release|Any CPU.ActiveCfg = Release|Any CPU
		{4CC1726F-D118-4A55-BA2E-1003D996FD84}.Release|Any CPU.Build.0 = Release|Any CPU
		{4CC1726F-D118-4A55-BA2E-1003D996FD84}.Release|Any CPU.Deploy.0 = Release|Any CPU
		{4CC1726F-D118-4A55-BA2E-1003D996FD84}.Release|iPhone.ActiveCfg = Release|Any CPU
		{4CC1726F-D118-4A55-BA2E-1003D996FD84}.Release|iPhone.Build.0 = Release|Any CPU
		{4CC1726F-D118-4A55-BA2E-1003D996FD84}.Release|iPhone.Deploy.0 = Release|Any CPU
		{4CC1726F-D118-4A55-BA2E-1003D996FD84}.Release|iPhoneSimulator.ActiveCfg = Release|Any CPU
		{4CC1726F-D118-4A55-BA2E-1003D996FD84}.Release|iPhoneSimulator.Build.0 = Release|Any CPU
		{4CC1726F-D118-4A55-BA2E-1003D996FD84}.Release|iPhoneSimulator.Deploy.0 = Release|Any CPU
		{B4396B41-AD79-4975-BEA7-CF0E243CC65A}.Ad-Hoc|Any CPU.ActiveCfg = Ad-Hoc|iPhone
		{B4396B41-AD79-4975-BEA7-CF0E243CC65A}.Ad-Hoc|Any CPU.Build.0 = Ad-Hoc|iPhone
		{B4396B41-AD79-4975-BEA7-CF0E243CC65A}.Ad-Hoc|Any CPU.Deploy.0 = Ad-Hoc|iPhone
		{B4396B41-AD79-4975-BEA7-CF0E243CC65A}.Ad-Hoc|iPhone.ActiveCfg = Ad-Hoc|iPhone
		{B4396B41-AD79-4975-BEA7-CF0E243CC65A}.Ad-Hoc|iPhone.Build.0 = Ad-Hoc|iPhone
		{B4396B41-AD79-4975-BEA7-CF0E243CC65A}.Ad-Hoc|iPhone.Deploy.0 = Ad-Hoc|iPhone
		{B4396B41-AD79-4975-BEA7-CF0E243CC65A}.Ad-Hoc|iPhoneSimulator.ActiveCfg = Ad-Hoc|iPhoneSimulator
		{B4396B41-AD79-4975-BEA7-CF0E243CC65A}.Ad-Hoc|iPhoneSimulator.Build.0 = Ad-Hoc|iPhoneSimulator
		{B4396B41-AD79-4975-BEA7-CF0E243CC65A}.Ad-Hoc|iPhoneSimulator.Deploy.0 = Ad-Hoc|iPhoneSimulator
		{B4396B41-AD79-4975-BEA7-CF0E243CC65A}.AppStore|Any CPU.ActiveCfg = AppStore|iPhone
		{B4396B41-AD79-4975-BEA7-CF0E243CC65A}.AppStore|Any CPU.Build.0 = AppStore|iPhone
		{B4396B41-AD79-4975-BEA7-CF0E243CC65A}.AppStore|Any CPU.Deploy.0 = AppStore|iPhone
		{B4396B41-AD79-4975-BEA7-CF0E243CC65A}.AppStore|iPhone.ActiveCfg = AppStore|iPhone
		{B4396B41-AD79-4975-BEA7-CF0E243CC65A}.AppStore|iPhone.Build.0 = AppStore|iPhone
		{B4396B41-AD79-4975-BEA7-CF0E243CC65A}.AppStore|iPhone.Deploy.0 = AppStore|iPhone
		{B4396B41-AD79-4975-BEA7-CF0E243CC65A}.AppStore|iPhoneSimulator.ActiveCfg = AppStore|iPhoneSimulator
		{B4396B41-AD79-4975-BEA7-CF0E243CC65A}.AppStore|iPhoneSimulator.Build.0 = AppStore|iPhoneSimulator
		{B4396B41-AD79-4975-BEA7-CF0E243CC65A}.AppStore|iPhoneSimulator.Deploy.0 = AppStore|iPhoneSimulator
		{B4396B41-AD79-4975-BEA7-CF0E243CC65A}.Debug|Any CPU.ActiveCfg = Debug|iPhoneSimulator
		{B4396B41-AD79-4975-BEA7-CF0E243CC65A}.Debug|Any CPU.Build.0 = Debug|iPhoneSimulator
		{B4396B41-AD79-4975-BEA7-CF0E243CC65A}.Debug|Any CPU.Deploy.0 = Debug|iPhoneSimulator
		{B4396B41-AD79-4975-BEA7-CF0E243CC65A}.Debug|iPhone.ActiveCfg = Debug|iPhone
		{B4396B41-AD79-4975-BEA7-CF0E243CC65A}.Debug|iPhone.Build.0 = Debug|iPhone
		{B4396B41-AD79-4975-BEA7-CF0E243CC65A}.Debug|iPhone.Deploy.0 = Debug|iPhone
		{B4396B41-AD79-4975-BEA7-CF0E243CC65A}.Debug|iPhoneSimulator.ActiveCfg = Debug|iPhoneSimulator
		{B4396B41-AD79-4975-BEA7-CF0E243CC65A}.Debug|iPhoneSimulator.Build.0 = Debug|iPhoneSimulator
		{B4396B41-AD79-4975-BEA7-CF0E243CC65A}.Debug|iPhoneSimulator.Deploy.0 = Debug|iPhoneSimulator
		{B4396B41-AD79-4975-BEA7-CF0E243CC65A}.Release|Any CPU.ActiveCfg = Release|iPhone
		{B4396B41-AD79-4975-BEA7-CF0E243CC65A}.Release|Any CPU.Build.0 = Release|iPhone
		{B4396B41-AD79-4975-BEA7-CF0E243CC65A}.Release|Any CPU.Deploy.0 = Release|iPhone
		{B4396B41-AD79-4975-BEA7-CF0E243CC65A}.Release|iPhone.ActiveCfg = Release|iPhone
		{B4396B41-AD79-4975-BEA7-CF0E243CC65A}.Release|iPhone.Build.0 = Release|iPhone
		{B4396B41-AD79-4975-BEA7-CF0E243CC65A}.Release|iPhone.Deploy.0 = Release|iPhone
		{B4396B41-AD79-4975-BEA7-CF0E243CC65A}.Release|iPhoneSimulator.ActiveCfg = Release|iPhoneSimulator
		{B4396B41-AD79-4975-BEA7-CF0E243CC65A}.Release|iPhoneSimulator.Build.0 = Release|iPhoneSimulator
		{B4396B41-AD79-4975-BEA7-CF0E243CC65A}.Release|iPhoneSimulator.Deploy.0 = Release|iPhoneSimulator
		{C41FDC15-E4A5-4ECF-B9C1-5B9D15EA587D}.Ad-Hoc|Any CPU.ActiveCfg = Debug|Any CPU
		{C41FDC15-E4A5-4ECF-B9C1-5B9D15EA587D}.Ad-Hoc|Any CPU.Build.0 = Debug|Any CPU
		{C41FDC15-E4A5-4ECF-B9C1-5B9D15EA587D}.Ad-Hoc|Any CPU.Deploy.0 = Debug|Any CPU
		{C41FDC15-E4A5-4ECF-B9C1-5B9D15EA587D}.Ad-Hoc|iPhone.ActiveCfg = Debug|Any CPU
		{C41FDC15-E4A5-4ECF-B9C1-5B9D15EA587D}.Ad-Hoc|iPhone.Build.0 = Debug|Any CPU
		{C41FDC15-E4A5-4ECF-B9C1-5B9D15EA587D}.Ad-Hoc|iPhone.Deploy.0 = Debug|Any CPU
		{C41FDC15-E4A5-4ECF-B9C1-5B9D15EA587D}.Ad-Hoc|iPhoneSimulator.ActiveCfg = Debug|Any CPU
		{C41FDC15-E4A5-4ECF-B9C1-5B9D15EA587D}.Ad-Hoc|iPhoneSimulator.Build.0 = Debug|Any CPU
		{C41FDC15-E4A5-4ECF-B9C1-5B9D15EA587D}.Ad-Hoc|iPhoneSimulator.Deploy.0 = Debug|Any CPU
		{C41FDC15-E4A5-4ECF-B9C1-5B9D15EA587D}.AppStore|Any CPU.ActiveCfg = Debug|Any CPU
		{C41FDC15-E4A5-4ECF-B9C1-5B9D15EA587D}.AppStore|Any CPU.Build.0 = Debug|Any CPU
		{C41FDC15-E4A5-4ECF-B9C1-5B9D15EA587D}.AppStore|Any CPU.Deploy.0 = Debug|Any CPU
		{C41FDC15-E4A5-4ECF-B9C1-5B9D15EA587D}.AppStore|iPhone.ActiveCfg = Debug|Any CPU
		{C41FDC15-E4A5-4ECF-B9C1-5B9D15EA587D}.AppStore|iPhone.Build.0 = Debug|Any CPU
		{C41FDC15-E4A5-4ECF-B9C1-5B9D15EA587D}.AppStore|iPhone.Deploy.0 = Debug|Any CPU
		{C41FDC15-E4A5-4ECF-B9C1-5B9D15EA587D}.AppStore|iPhoneSimulator.ActiveCfg = Debug|Any CPU
		{C41FDC15-E4A5-4ECF-B9C1-5B9D15EA587D}.AppStore|iPhoneSimulator.Build.0 = Debug|Any CPU
		{C41FDC15-E4A5-4ECF-B9C1-5B9D15EA587D}.AppStore|iPhoneSimulator.Deploy.0 = Debug|Any CPU
		{C41FDC15-E4A5-4ECF-B9C1-5B9D15EA587D}.Debug|Any CPU.ActiveCfg = Debug|Any CPU
		{C41FDC15-E4A5-4ECF-B9C1-5B9D15EA587D}.Debug|Any CPU.Build.0 = Debug|Any CPU
		{C41FDC15-E4A5-4ECF-B9C1-5B9D15EA587D}.Debug|Any CPU.Deploy.0 = Debug|Any CPU
		{C41FDC15-E4A5-4ECF-B9C1-5B9D15EA587D}.Debug|iPhone.ActiveCfg = Debug|Any CPU
		{C41FDC15-E4A5-4ECF-B9C1-5B9D15EA587D}.Debug|iPhone.Build.0 = Debug|Any CPU
		{C41FDC15-E4A5-4ECF-B9C1-5B9D15EA587D}.Debug|iPhone.Deploy.0 = Debug|Any CPU
		{C41FDC15-E4A5-4ECF-B9C1-5B9D15EA587D}.Debug|iPhoneSimulator.ActiveCfg = Debug|Any CPU
		{C41FDC15-E4A5-4ECF-B9C1-5B9D15EA587D}.Debug|iPhoneSimulator.Build.0 = Debug|Any CPU
		{C41FDC15-E4A5-4ECF-B9C1-5B9D15EA587D}.Debug|iPhoneSimulator.Deploy.0 = Debug|Any CPU
		{C41FDC15-E4A5-4ECF-B9C1-5B9D15EA587D}.Release|Any CPU.ActiveCfg = Release|Any CPU
		{C41FDC15-E4A5-4ECF-B9C1-5B9D15EA587D}.Release|Any CPU.Build.0 = Release|Any CPU
		{C41FDC15-E4A5-4ECF-B9C1-5B9D15EA587D}.Release|Any CPU.Deploy.0 = Release|Any CPU
		{C41FDC15-E4A5-4ECF-B9C1-5B9D15EA587D}.Release|iPhone.ActiveCfg = Release|Any CPU
		{C41FDC15-E4A5-4ECF-B9C1-5B9D15EA587D}.Release|iPhone.Build.0 = Release|Any CPU
		{C41FDC15-E4A5-4ECF-B9C1-5B9D15EA587D}.Release|iPhone.Deploy.0 = Release|Any CPU
		{C41FDC15-E4A5-4ECF-B9C1-5B9D15EA587D}.Release|iPhoneSimulator.ActiveCfg = Release|Any CPU
		{C41FDC15-E4A5-4ECF-B9C1-5B9D15EA587D}.Release|iPhoneSimulator.Build.0 = Release|Any CPU
		{C41FDC15-E4A5-4ECF-B9C1-5B9D15EA587D}.Release|iPhoneSimulator.Deploy.0 = Release|Any CPU
	EndGlobalSection
	GlobalSection(SolutionProperties) = preSolution
		HideSolutionNode = FALSE
	EndGlobalSection
	GlobalSection(ExtensibilityGlobals) = postSolution
		SolutionGuid = {F0BD1CC0-5D45-417E-9648-B5F91E4C88E6}
	EndGlobalSection
EndGlobal
